
Microsoft Visual Studio Solution File, Format Version 12.00
# Visual Studio Version 16
VisualStudioVersion = 16.0.29424.173
MinimumVisualStudioVersion = 10.0.40219.1
Project("{9A19103F-16F7-4668-BE54-9A1E7A4F7556}") = "01-Prototype", "01-Prototype\01-Prototype.csproj", "{2A33E98B-F0DB-4CD6-BFD2-A9B540EA5400}"
EndProject
Project("{9A19103F-16F7-4668-BE54-9A1E7A4F7556}") = "03-Template Pattern", "03-Template Pattern\03-Template Pattern.csproj", "{192A2DB3-99B5-41ED-9609-605B97348D82}"
EndProject
Project("{FAE04EC0-301F-11D3-BF4B-00C04F79EFBC}") = "02-Composite", "02-Composite\02-Composite.csproj", "{6336C90D-ABFF-463A-B583-075FC7B5B1A6}"
EndProject
Global
	GlobalSection(SolutionConfigurationPlatforms) = preSolution
		Debug|Any CPU = Debug|Any CPU
		Release|Any CPU = Release|Any CPU
	EndGlobalSection
	GlobalSection(ProjectConfigurationPlatforms) = postSolution
		{2A33E98B-F0DB-4CD6-BFD2-A9B540EA5400}.Debug|Any CPU.ActiveCfg = Debug|Any CPU
		{2A33E98B-F0DB-4CD6-BFD2-A9B540EA5400}.Debug|Any CPU.Build.0 = Debug|Any CPU
		{2A33E98B-F0DB-4CD6-BFD2-A9B540EA5400}.Release|Any CPU.ActiveCfg = Release|Any CPU
		{2A33E98B-F0DB-4CD6-BFD2-A9B540EA5400}.Release|Any CPU.Build.0 = Release|Any CPU
		{192A2DB3-99B5-41ED-9609-605B97348D82}.Debug|Any CPU.ActiveCfg = Debug|Any CPU
		{192A2DB3-99B5-41ED-9609-605B97348D82}.Debug|Any CPU.Build.0 = Debug|Any CPU
		{192A2DB3-99B5-41ED-9609-605B97348D82}.Release|Any CPU.ActiveCfg = Release|Any CPU
		{192A2DB3-99B5-41ED-9609-605B97348D82}.Release|Any CPU.Build.0 = Release|Any CPU
		{6336C90D-ABFF-463A-B583-075FC7B5B1A6}.Debug|Any CPU.ActiveCfg = Debug|Any CPU
		{6336C90D-ABFF-463A-B583-075FC7B5B1A6}.Debug|Any CPU.Build.0 = Debug|Any CPU
		{6336C90D-ABFF-463A-B583-075FC7B5B1A6}.Release|Any CPU.ActiveCfg = Release|Any CPU
		{6336C90D-ABFF-463A-B583-075FC7B5B1A6}.Release|Any CPU.Build.0 = Release|Any CPU
	EndGlobalSection
	GlobalSection(SolutionProperties) = preSolution
		HideSolutionNode = FALSE
	EndGlobalSection
	GlobalSection(ExtensibilityGlobals) = postSolution
		SolutionGuid = {ECB7F9C9-F465-4E87-BCA7-09E3E844F463}
	EndGlobalSection
EndGlobal
