
Microsoft Visual Studio Solution File, Format Version 12.00
# Visual Studio Version 16
VisualStudioVersion = 16.0.29411.108
MinimumVisualStudioVersion = 10.0.40219.1
Project("{FAE04EC0-301F-11D3-BF4B-00C04F79EFBC}") = "P03_SalesDatabase", "P03_SalesDatabase\P03_SalesDatabase.csproj", "{295FA9BA-DA47-45E4-9881-FB3A9540EA6A}"
EndProject
Global
	GlobalSection(SolutionConfigurationPlatforms) = preSolution
		Debug|Any CPU = Debug|Any CPU
		Release|Any CPU = Release|Any CPU
	EndGlobalSection
	GlobalSection(ProjectConfigurationPlatforms) = postSolution
		{295FA9BA-DA47-45E4-9881-FB3A9540EA6A}.Debug|Any CPU.ActiveCfg = Debug|Any CPU
		{295FA9BA-DA47-45E4-9881-FB3A9540EA6A}.Debug|Any CPU.Build.0 = Debug|Any CPU
		{295FA9BA-DA47-45E4-9881-FB3A9540EA6A}.Release|Any CPU.ActiveCfg = Release|Any CPU
		{295FA9BA-DA47-45E4-9881-FB3A9540EA6A}.Release|Any CPU.Build.0 = Release|Any CPU
	EndGlobalSection
	GlobalSection(SolutionProperties) = preSolution
		HideSolutionNode = FALSE
	EndGlobalSection
	GlobalSection(ExtensibilityGlobals) = postSolution
		SolutionGuid = {27455AAA-49C1-4E47-AD6E-2604D4EC608C}
	EndGlobalSection
EndGlobal
